
Microsoft Visual Studio Solution File, Format Version 12.00
# Visual Studio Version 17
VisualStudioVersion = 17.9.34607.119
MinimumVisualStudioVersion = 10.0.40219.1
Project("{9A19103F-16F7-4668-BE54-9A1E7A4F7556}") = "Zoologico", "Zoologico\Zoologico.csproj", "{81509316-4ED8-4F9F-BE00-488DAB5AE3C0}"
EndProject
Project("{9A19103F-16F7-4668-BE54-9A1E7A4F7556}") = "Biblioteca", "Biblioteca\Biblioteca.csproj", "{22BF3649-C857-47CD-AC35-BABC7A7425EE}"
EndProject
Project("{9A19103F-16F7-4668-BE54-9A1E7A4F7556}") = "GestaoDeEventos", "GestaoDeEventos\GestaoDeEventos.csproj", "{CA1B7590-E63D-44ED-ABFF-AB4DE0B5E0F3}"
EndProject
Project("{2150E333-8FDC-42A3-9474-1A3956D46DE8}") = "CleanArch", "CleanArch", "{714F276E-1640-4B0B-A920-E28EC78001B6}"
EndProject
Project("{2150E333-8FDC-42A3-9474-1A3956D46DE8}") = "MVC", "MVC", "{23EDF2EE-6B6E-491E-91AB-4FA1234DFBD8}"
EndProject
Project("{9A19103F-16F7-4668-BE54-9A1E7A4F7556}") = "CleanArch.Api", "CleanArch\CleanArch.Api\CleanArch.Api.csproj", "{3577ED75-B4A4-44FF-8E68-80A3231A421B}"
EndProject
Project("{9A19103F-16F7-4668-BE54-9A1E7A4F7556}") = "CleanArch.Application", "CleanArch\CleanArch.Application\CleanArch.Application.csproj", "{0A2176EB-7BC0-418B-BBDC-67C079EDC1B4}"
EndProject
Project("{9A19103F-16F7-4668-BE54-9A1E7A4F7556}") = "CleanArch.Domain", "CleanArch\CleanArch.Domain\CleanArch.Domain.csproj", "{086A7F7A-39D4-47E5-BCD0-CCA4C78CC389}"
EndProject
Project("{9A19103F-16F7-4668-BE54-9A1E7A4F7556}") = "CleanArch.Infra", "CleanArch\CleanArch.Infra\CleanArch.Infra.csproj", "{F35AEA19-F824-42A9-8383-25FBB0998CAA}"
EndProject
Project("{9A19103F-16F7-4668-BE54-9A1E7A4F7556}") = "MVC.Api", "MVC\MVC.Api\MVC.Api.csproj", "{17C0B2BC-3A6D-4B06-804A-E5416C304C17}"
EndProject
Project("{9A19103F-16F7-4668-BE54-9A1E7A4F7556}") = "Estacionamento", "Estacionamento\Estacionamento.csproj", "{703FCD5D-2FB0-4F15-914A-33C800580FB7}"
EndProject
Global
	GlobalSection(SolutionConfigurationPlatforms) = preSolution
		Debug|Any CPU = Debug|Any CPU
		Release|Any CPU = Release|Any CPU
	EndGlobalSection
	GlobalSection(ProjectConfigurationPlatforms) = postSolution
		{81509316-4ED8-4F9F-BE00-488DAB5AE3C0}.Debug|Any CPU.ActiveCfg = Debug|Any CPU
		{81509316-4ED8-4F9F-BE00-488DAB5AE3C0}.Debug|Any CPU.Build.0 = Debug|Any CPU
		{81509316-4ED8-4F9F-BE00-488DAB5AE3C0}.Release|Any CPU.ActiveCfg = Release|Any CPU
		{81509316-4ED8-4F9F-BE00-488DAB5AE3C0}.Release|Any CPU.Build.0 = Release|Any CPU
		{22BF3649-C857-47CD-AC35-BABC7A7425EE}.Debug|Any CPU.ActiveCfg = Debug|Any CPU
		{22BF3649-C857-47CD-AC35-BABC7A7425EE}.Debug|Any CPU.Build.0 = Debug|Any CPU
		{22BF3649-C857-47CD-AC35-BABC7A7425EE}.Release|Any CPU.ActiveCfg = Release|Any CPU
		{22BF3649-C857-47CD-AC35-BABC7A7425EE}.Release|Any CPU.Build.0 = Release|Any CPU
		{CA1B7590-E63D-44ED-ABFF-AB4DE0B5E0F3}.Debug|Any CPU.ActiveCfg = Debug|Any CPU
		{CA1B7590-E63D-44ED-ABFF-AB4DE0B5E0F3}.Debug|Any CPU.Build.0 = Debug|Any CPU
		{CA1B7590-E63D-44ED-ABFF-AB4DE0B5E0F3}.Release|Any CPU.ActiveCfg = Release|Any CPU
		{CA1B7590-E63D-44ED-ABFF-AB4DE0B5E0F3}.Release|Any CPU.Build.0 = Release|Any CPU
		{3577ED75-B4A4-44FF-8E68-80A3231A421B}.Debug|Any CPU.ActiveCfg = Debug|Any CPU
		{3577ED75-B4A4-44FF-8E68-80A3231A421B}.Debug|Any CPU.Build.0 = Debug|Any CPU
		{3577ED75-B4A4-44FF-8E68-80A3231A421B}.Release|Any CPU.ActiveCfg = Release|Any CPU
		{3577ED75-B4A4-44FF-8E68-80A3231A421B}.Release|Any CPU.Build.0 = Release|Any CPU
		{0A2176EB-7BC0-418B-BBDC-67C079EDC1B4}.Debug|Any CPU.ActiveCfg = Debug|Any CPU
		{0A2176EB-7BC0-418B-BBDC-67C079EDC1B4}.Debug|Any CPU.Build.0 = Debug|Any CPU
		{0A2176EB-7BC0-418B-BBDC-67C079EDC1B4}.Release|Any CPU.ActiveCfg = Release|Any CPU
		{0A2176EB-7BC0-418B-BBDC-67C079EDC1B4}.Release|Any CPU.Build.0 = Release|Any CPU
		{086A7F7A-39D4-47E5-BCD0-CCA4C78CC389}.Debug|Any CPU.ActiveCfg = Debug|Any CPU
		{086A7F7A-39D4-47E5-BCD0-CCA4C78CC389}.Debug|Any CPU.Build.0 = Debug|Any CPU
		{086A7F7A-39D4-47E5-BCD0-CCA4C78CC389}.Release|Any CPU.ActiveCfg = Release|Any CPU
		{086A7F7A-39D4-47E5-BCD0-CCA4C78CC389}.Release|Any CPU.Build.0 = Release|Any CPU
		{F35AEA19-F824-42A9-8383-25FBB0998CAA}.Debug|Any CPU.ActiveCfg = Debug|Any CPU
		{F35AEA19-F824-42A9-8383-25FBB0998CAA}.Debug|Any CPU.Build.0 = Debug|Any CPU
		{F35AEA19-F824-42A9-8383-25FBB0998CAA}.Release|Any CPU.ActiveCfg = Release|Any CPU
		{F35AEA19-F824-42A9-8383-25FBB0998CAA}.Release|Any CPU.Build.0 = Release|Any CPU
		{17C0B2BC-3A6D-4B06-804A-E5416C304C17}.Debug|Any CPU.ActiveCfg = Debug|Any CPU
		{17C0B2BC-3A6D-4B06-804A-E5416C304C17}.Debug|Any CPU.Build.0 = Debug|Any CPU
		{17C0B2BC-3A6D-4B06-804A-E5416C304C17}.Release|Any CPU.ActiveCfg = Release|Any CPU
		{17C0B2BC-3A6D-4B06-804A-E5416C304C17}.Release|Any CPU.Build.0 = Release|Any CPU
		{703FCD5D-2FB0-4F15-914A-33C800580FB7}.Debug|Any CPU.ActiveCfg = Debug|Any CPU
		{703FCD5D-2FB0-4F15-914A-33C800580FB7}.Debug|Any CPU.Build.0 = Debug|Any CPU
		{703FCD5D-2FB0-4F15-914A-33C800580FB7}.Release|Any CPU.ActiveCfg = Release|Any CPU
		{703FCD5D-2FB0-4F15-914A-33C800580FB7}.Release|Any CPU.Build.0 = Release|Any CPU
	EndGlobalSection
	GlobalSection(SolutionProperties) = preSolution
		HideSolutionNode = FALSE
	EndGlobalSection
	GlobalSection(NestedProjects) = preSolution
		{3577ED75-B4A4-44FF-8E68-80A3231A421B} = {714F276E-1640-4B0B-A920-E28EC78001B6}
		{0A2176EB-7BC0-418B-BBDC-67C079EDC1B4} = {714F276E-1640-4B0B-A920-E28EC78001B6}
		{086A7F7A-39D4-47E5-BCD0-CCA4C78CC389} = {714F276E-1640-4B0B-A920-E28EC78001B6}
		{F35AEA19-F824-42A9-8383-25FBB0998CAA} = {714F276E-1640-4B0B-A920-E28EC78001B6}
		{17C0B2BC-3A6D-4B06-804A-E5416C304C17} = {23EDF2EE-6B6E-491E-91AB-4FA1234DFBD8}
	EndGlobalSection
	GlobalSection(ExtensibilityGlobals) = postSolution
		SolutionGuid = {8688E323-A575-484C-9F3B-686BED7A0030}
	EndGlobalSection
EndGlobal
